
Microsoft Visual Studio Solution File, Format Version 12.00
# Visual Studio 15
VisualStudioVersion = 15.0.28307.329
MinimumVisualStudioVersion = 10.0.40219.1
Project("{FAE04EC0-301F-11D3-BF4B-00C04F79EFBC}") = "Lab13", "Lab13\Lab13.csproj", "{4B15EC0C-9B3F-4088-A956-E03BF2AF5F91}"
EndProject
Project("{FAE04EC0-301F-11D3-BF4B-00C04F79EFBC}") = "UnitTests", "UnitTests\UnitTests.csproj", "{3C28313F-02B7-494D-9DD3-15B47AE4AE7D}"
EndProject
Global
	GlobalSection(SolutionConfigurationPlatforms) = preSolution
		Debug|Any CPU = Debug|Any CPU
		Release|Any CPU = Release|Any CPU
	EndGlobalSection
	GlobalSection(ProjectConfigurationPlatforms) = postSolution
		{4B15EC0C-9B3F-4088-A956-E03BF2AF5F91}.Debug|Any CPU.ActiveCfg = Debug|Any CPU
		{4B15EC0C-9B3F-4088-A956-E03BF2AF5F91}.Debug|Any CPU.Build.0 = Debug|Any CPU
		{4B15EC0C-9B3F-4088-A956-E03BF2AF5F91}.Release|Any CPU.ActiveCfg = Release|Any CPU
		{4B15EC0C-9B3F-4088-A956-E03BF2AF5F91}.Release|Any CPU.Build.0 = Release|Any CPU
		{3C28313F-02B7-494D-9DD3-15B47AE4AE7D}.Debug|Any CPU.ActiveCfg = Debug|Any CPU
		{3C28313F-02B7-494D-9DD3-15B47AE4AE7D}.Debug|Any CPU.Build.0 = Debug|Any CPU
		{3C28313F-02B7-494D-9DD3-15B47AE4AE7D}.Release|Any CPU.ActiveCfg = Release|Any CPU
		{3C28313F-02B7-494D-9DD3-15B47AE4AE7D}.Release|Any CPU.Build.0 = Release|Any CPU
	EndGlobalSection
	GlobalSection(SolutionProperties) = preSolution
		HideSolutionNode = FALSE
	EndGlobalSection
	GlobalSection(ExtensibilityGlobals) = postSolution
		SolutionGuid = {78400555-E1F6-4D55-B4CC-1C12D80E3AF2}
	EndGlobalSection
EndGlobal
